# @generated - this file is auto-generated by `mise lock` https://mise.jdx.dev/dev-tools/mise-lock.html

[[tools."aqua:go-task/task"]]
version = "3.50.0"
backend = "aqua:go-task/task"

[tools."aqua:go-task/task"."platforms.linux-arm64"]
checksum = "sha256:ee67e7d999a4a70711bff1946c70bf76628012c91d9be55626ee90ba976897da"
url = "https://github.com/go-task/task/releases/download/v3.50.0/task_linux_arm64.tar.gz"

[tools."aqua:go-task/task"."platforms.linux-arm64-musl"]
checksum = "sha256:ee67e7d999a4a70711bff1946c70bf76628012c91d9be55626ee90ba976897da"
url = "https://github.com/go-task/task/releases/download/v3.50.0/task_linux_arm64.tar.gz"

[tools."aqua:go-task/task"."platforms.linux-x64"]
checksum = "sha256:d449ba85ab85a0769989d78f8b9872938e4ba9347f7f4f925f73d98272a0a655"
url = "https://github.com/go-task/task/releases/download/v3.50.0/task_linux_amd64.tar.gz"

[tools."aqua:go-task/task"."platforms.linux-x64-musl"]
checksum = "sha256:d449ba85ab85a0769989d78f8b9872938e4ba9347f7f4f925f73d98272a0a655"
url = "https://github.com/go-task/task/releases/download/v3.50.0/task_linux_amd64.tar.gz"

[tools."aqua:go-task/task"."platforms.macos-arm64"]
checksum = "sha256:838b7954f227b5e8f798ad83111195aed810cf4f98dfabef4aa77ea065dd74b0"
url = "https://github.com/go-task/task/releases/download/v3.50.0/task_darwin_arm64.tar.gz"

[tools."aqua:go-task/task"."platforms.macos-x64"]
checksum = "sha256:da3ba003ec049fb8be1ff798132c951dcd08a60efbdc2d1e918bf2095cd4a39c"
url = "https://github.com/go-task/task/releases/download/v3.50.0/task_darwin_amd64.tar.gz"

[tools."aqua:go-task/task"."platforms.windows-x64"]
checksum = "sha256:82c20fbd19ac62073b8ecf89e026fbd209f702a2922106e4ff2ed6934d193038"
url = "https://github.com/go-task/task/releases/download/v3.50.0/task_windows_amd64.zip"

[[tools."aqua:tailwindlabs/tailwindcss"]]
version = "4.2.2"
backend = "aqua:tailwindlabs/tailwindcss"

[tools."aqua:tailwindlabs/tailwindcss"."platforms.linux-arm64"]
checksum = "sha256:8e3836d35ba5ea5422d18b93ee8f0156e17947fa1810620aee1b849c1d7ad10e"
url = "https://github.com/tailwindlabs/tailwindcss/releases/download/v4.2.2/tailwindcss-linux-arm64-musl"

[tools."aqua:tailwindlabs/tailwindcss"."platforms.linux-arm64-musl"]
checksum = "sha256:8e3836d35ba5ea5422d18b93ee8f0156e17947fa1810620aee1b849c1d7ad10e"
url = "https://github.com/tailwindlabs/tailwindcss/releases/download/v4.2.2/tailwindcss-linux-arm64-musl"

[tools."aqua:tailwindlabs/tailwindcss"."platforms.linux-x64"]
checksum = "sha256:0e473ea3650f95166e0bfd68348b835d0e06e253766d9a1f895377d1d9a7cf54"
url = "https://github.com/tailwindlabs/tailwindcss/releases/download/v4.2.2/tailwindcss-linux-x64-musl"

[tools."aqua:tailwindlabs/tailwindcss"."platforms.linux-x64-musl"]
checksum = "sha256:0e473ea3650f95166e0bfd68348b835d0e06e253766d9a1f895377d1d9a7cf54"
url = "https://github.com/tailwindlabs/tailwindcss/releases/download/v4.2.2/tailwindcss-linux-x64-musl"

[tools."aqua:tailwindlabs/tailwindcss"."platforms.macos-arm64"]
checksum = "sha256:2ce66b7c8101ef1245a07d1e7abb4beb35bf512fd3beecba1cdfb327580d1252"
url = "https://github.com/tailwindlabs/tailwindcss/releases/download/v4.2.2/tailwindcss-macos-arm64"

[tools."aqua:tailwindlabs/tailwindcss"."platforms.macos-x64"]
checksum = "sha256:98e34c6abd00a75a74ea2d20acf9e284241d13023133076d220c6f3ca419d920"
url = "https://github.com/tailwindlabs/tailwindcss/releases/download/v4.2.2/tailwindcss-macos-x64"

[tools."aqua:tailwindlabs/tailwindcss"."platforms.windows-x64"]
checksum = "sha256:bf500d4be2109250d857a8ff161abdb995b6bf5e9262d279a95b74a887ca51d7"
url = "https://github.com/tailwindlabs/tailwindcss/releases/download/v4.2.2/tailwindcss-windows-x64.exe"

[[tools."cargo:rustywind"]]
version = "0.24.1"
backend = "cargo:rustywind"

[[tools.go]]
version = "1.25.8"
backend = "core:go"

[tools.go."platforms.linux-arm64"]
checksum = "sha256:7d137f59f66bb93f40a6b2b11e713adc2a9d0c8d9ae581718e3fad19e5295dc7"
url = "https://dl.google.com/go/go1.25.8.linux-arm64.tar.gz"

[tools.go."platforms.linux-arm64-musl"]
checksum = "sha256:7d137f59f66bb93f40a6b2b11e713adc2a9d0c8d9ae581718e3fad19e5295dc7"
url = "https://dl.google.com/go/go1.25.8.linux-arm64.tar.gz"

[tools.go."platforms.linux-x64"]
checksum = "sha256:ceb5e041bbc3893846bd1614d76cb4681c91dadee579426cf21a63f2d7e03be6"
url = "https://dl.google.com/go/go1.25.8.linux-amd64.tar.gz"

[tools.go."platforms.linux-x64-musl"]
checksum = "sha256:ceb5e041bbc3893846bd1614d76cb4681c91dadee579426cf21a63f2d7e03be6"
url = "https://dl.google.com/go/go1.25.8.linux-amd64.tar.gz"

[tools.go."platforms.macos-arm64"]
checksum = "sha256:c6547959f5dbe8440bf3da972bd65ba900168de5e7ab01464fbdc7ac8375c21c"
url = "https://dl.google.com/go/go1.25.8.darwin-arm64.tar.gz"

[tools.go."platforms.macos-x64"]
checksum = "sha256:a0b8136598baf192af400051cee2481ffb407f4c113a81ff400896e26cbce9e4"
url = "https://dl.google.com/go/go1.25.8.darwin-amd64.tar.gz"

[tools.go."platforms.windows-x64"]
checksum = "sha256:8d4ed9a270b33df7a6d3ff3a5316e103e0042fcc4f0c9a80e40378700bab6794"
url = "https://dl.google.com/go/go1.25.8.windows-amd64.zip"

[[tools.golangci-lint]]
version = "2.11.4"
backend = "aqua:golangci/golangci-lint"

[tools.golangci-lint."platforms.linux-arm64"]
checksum = "sha256:3bcfa2e6f3d32b2bf5cd75eaa876447507025e0303698633f722a05331988db4"
url = "https://github.com/golangci/golangci-lint/releases/download/v2.11.4/golangci-lint-2.11.4-linux-arm64.tar.gz"

[tools.golangci-lint."platforms.linux-arm64-musl"]
checksum = "sha256:3bcfa2e6f3d32b2bf5cd75eaa876447507025e0303698633f722a05331988db4"
url = "https://github.com/golangci/golangci-lint/releases/download/v2.11.4/golangci-lint-2.11.4-linux-arm64.tar.gz"

[tools.golangci-lint."platforms.linux-x64"]
checksum = "sha256:200c5b7503f67b59a6743ccf32133026c174e272b930ee79aa2aa6f37aca7ef1"
url = "https://github.com/golangci/golangci-lint/releases/download/v2.11.4/golangci-lint-2.11.4-linux-amd64.tar.gz"

[tools.golangci-lint."platforms.linux-x64-musl"]
checksum = "sha256:200c5b7503f67b59a6743ccf32133026c174e272b930ee79aa2aa6f37aca7ef1"
url = "https://github.com/golangci/golangci-lint/releases/download/v2.11.4/golangci-lint-2.11.4-linux-amd64.tar.gz"

[tools.golangci-lint."platforms.macos-arm64"]
checksum = "sha256:02db2a2dae8b26812e53b0688a6f617e3ef1f489790e829ea22862cf76945675"
url = "https://github.com/golangci/golangci-lint/releases/download/v2.11.4/golangci-lint-2.11.4-darwin-arm64.tar.gz"
provenance = "github-attestations"

[tools.golangci-lint."platforms.macos-x64"]
checksum = "sha256:c900d4048db75d1edfd550fd11cf6a9b3008e7caa8e119fcddbc700412d63e60"
url = "https://github.com/golangci/golangci-lint/releases/download/v2.11.4/golangci-lint-2.11.4-darwin-amd64.tar.gz"

[tools.golangci-lint."platforms.windows-x64"]
checksum = "sha256:4932cfca5e75bf60fe1c576edf459e5e809e6644664a068185d64b84af3fad9e"
url = "https://github.com/golangci/golangci-lint/releases/download/v2.11.4/golangci-lint-2.11.4-windows-amd64.zip"
